
Microsoft Visual Studio Solution File, Format Version 12.00
# Visual Studio Version 17
VisualStudioVersion = 17.1.32328.378
MinimumVisualStudioVersion = 10.0.40219.1
Project("{8BC9CEB8-8B4A-11D0-8D11-00A0C91BC942}") = "WinPrintServer", "WinPrintServer\WinPrintServer.vcxproj", "{F2450B87-DEB4-4C6D-A824-96A2C9D66A36}"
EndProject
Global
	GlobalSection(SolutionConfigurationPlatforms) = preSolution
		Debug|x64 = Debug|x64
		Debug|x86 = Debug|x86
		Release|x64 = Release|x64
		Release|x86 = Release|x86
	EndGlobalSection
	GlobalSection(ProjectConfigurationPlatforms) = postSolution
		{F2450B87-DEB4-4C6D-A824-96A2C9D66A36}.Debug|x64.ActiveCfg = Debug|x64
		{F2450B87-DEB4-4C6D-A824-96A2C9D66A36}.Debug|x64.Build.0 = Debug|x64
		{F2450B87-DEB4-4C6D-A824-96A2C9D66A36}.Debug|x86.ActiveCfg = Debug|Win32
		{F2450B87-DEB4-4C6D-A824-96A2C9D66A36}.Debug|x86.Build.0 = Debug|Win32
		{F2450B87-DEB4-4C6D-A824-96A2C9D66A36}.Release|x64.ActiveCfg = Release|x64
		{F2450B87-DEB4-4C6D-A824-96A2C9D66A36}.Release|x64.Build.0 = Release|x64
		{F2450B87-DEB4-4C6D-A824-96A2C9D66A36}.Release|x86.ActiveCfg = Release|Win32
		{F2450B87-DEB4-4C6D-A824-96A2C9D66A36}.Release|x86.Build.0 = Release|Win32
	EndGlobalSection
	GlobalSection(SolutionProperties) = preSolution
		HideSolutionNode = FALSE
	EndGlobalSection
	GlobalSection(ExtensibilityGlobals) = postSolution
		SolutionGuid = {304135C2-4351-4D6E-8BF6-4F76748B8922}
	EndGlobalSection
EndGlobal
